{
  "requires": true,
  "lockfileVersion": 1,
  "dependencies": {
    "@babel/runtime": {
      "version": "7.3.1",
      "resolved": "http://registry.npm.taobao.org/@babel/runtime/download/@babel/runtime-7.3.1.tgz",
      "integrity": "sha1-V0sD6OipiY6vSocqkuogt4Rvbyo=",
      "requires": {
        "regenerator-runtime": "^0.12.0"
      }
    },
    "@react-navigation/core": {
      "version": "3.0.2",
      "resolved": "http://registry.npm.taobao.org/@react-navigation/core/download/@react-navigation/core-3.0.2.tgz",
      "integrity": "sha1-hjGAFTOifQNKO4Qh39BRCp8n3PM=",
      "requires": {
        "create-react-context": "0.2.2",
        "hoist-non-react-statics": "^3.0.1",
        "path-to-regexp": "^1.7.0",
        "query-string": "^6.2.0",
        "react-is": "^16.5.2",
        "react-lifecycles-compat": "^3.0.4"
      }
    },
    "@react-navigation/native": {
      "version": "3.0.3",
      "resolved": "http://registry.npm.taobao.org/@react-navigation/native/download/@react-navigation/native-3.0.3.tgz",
      "integrity": "sha1-axpuFc3nGebJMr14sj+hQX9sDKs=",
      "requires": {
        "hoist-non-react-statics": "^3.0.1",
        "react-native-gesture-handler": "^1.0.0",
        "react-native-safe-area-view": "^0.11.0",
        "react-native-screens": "^1.0.0 || ^1.0.0-alpha"
      }
    },
    "asap": {
      "version": "2.0.6",
      "resolved": "http://registry.npm.taobao.org/asap/download/asap-2.0.6.tgz",
      "integrity": "sha1-5QNHYR1+aQlDIIu9r+vLwvuGbUY="
    },
    "core-js": {
      "version": "1.2.7",
      "resolved": "http://registry.npm.taobao.org/core-js/download/core-js-1.2.7.tgz",
      "integrity": "sha1-ZSKUwUZR2yj6k70tX/KYOk8IxjY="
    },
    "create-react-context": {
      "version": "0.2.2",
      "resolved": "http://registry.npm.taobao.org/create-react-context/download/create-react-context-0.2.2.tgz",
      "integrity": "sha1-mDZUL5qqIoaM19Sm+CZn3zgBnco=",
      "requires": {
        "fbjs": "^0.8.0",
        "gud": "^1.0.0"
      }
    },
    "decode-uri-component": {
      "version": "0.2.0",
      "resolved": "http://registry.npm.taobao.org/decode-uri-component/download/decode-uri-component-0.2.0.tgz",
      "integrity": "sha1-6zkTMzRYd1y4TNGh+uBiEGu4dUU="
    },
    "encoding": {
      "version": "0.1.12",
      "resolved": "http://registry.npm.taobao.org/encoding/download/encoding-0.1.12.tgz",
      "integrity": "sha1-U4tm8+5izRq1HsMjgp0flIDHS+s=",
      "requires": {
        "iconv-lite": "~0.4.13"
      }
    },
    "fbjs": {
      "version": "0.8.17",
      "resolved": "http://registry.npm.taobao.org/fbjs/download/fbjs-0.8.17.tgz",
      "integrity": "sha1-xNWY6taUkRJlPWWIsBpc3Nn5D90=",
      "requires": {
        "core-js": "^1.0.0",
        "isomorphic-fetch": "^2.1.1",
        "loose-envify": "^1.0.0",
        "object-assign": "^4.1.0",
        "promise": "^7.1.1",
        "setimmediate": "^1.0.5",
        "ua-parser-js": "^0.7.18"
      }
    },
    "gud": {
      "version": "1.0.0",
      "resolved": "http://registry.npm.taobao.org/gud/download/gud-1.0.0.tgz",
      "integrity": "sha1-pIlYGxfmpwvsqavjrlfeekmYUsA="
    },
    "hoist-non-react-statics": {
      "version": "3.3.0",
      "resolved": "http://registry.npm.taobao.org/hoist-non-react-statics/download/hoist-non-react-statics-3.3.0.tgz",
      "integrity": "sha1-sJF48BIhhPuVrPUl2q7LTY9FlYs=",
      "requires": {
        "react-is": "^16.7.0"
      }
    },
    "iconv-lite": {
      "version": "0.4.24",
      "resolved": "http://registry.npm.taobao.org/iconv-lite/download/iconv-lite-0.4.24.tgz",
      "integrity": "sha1-ICK0sl+93CHS9SSXSkdKr+czkIs=",
      "requires": {
        "safer-buffer": ">= 2.1.2 < 3"
      }
    },
    "invariant": {
      "version": "2.2.4",
      "resolved": "http://registry.npm.taobao.org/invariant/download/invariant-2.2.4.tgz",
      "integrity": "sha1-YQ88ksk1nOHbYW5TgAjSP/NRWOY=",
      "requires": {
        "loose-envify": "^1.0.0"
      }
    },
    "is-stream": {
      "version": "1.1.0",
      "resolved": "http://registry.npm.taobao.org/is-stream/download/is-stream-1.1.0.tgz",
      "integrity": "sha1-EtSj3U5o4Lec6428hBc66A2RykQ="
    },
    "isarray": {
      "version": "0.0.1",
      "resolved": "http://registry.npm.taobao.org/isarray/download/isarray-0.0.1.tgz",
      "integrity": "sha1-ihis/Kmo9Bd+Cav8YDiTmwXR7t8="
    },
    "isomorphic-fetch": {
      "version": "2.2.1",
      "resolved": "http://registry.npm.taobao.org/isomorphic-fetch/download/isomorphic-fetch-2.2.1.tgz",
      "integrity": "sha1-YRrhrPFPXoH3KVB0coGf6XM1WKk=",
      "requires": {
        "node-fetch": "^1.0.1",
        "whatwg-fetch": ">=0.10.0"
      }
    },
    "js-tokens": {
      "version": "4.0.0",
      "resolved": "http://registry.npm.taobao.org/js-tokens/download/js-tokens-4.0.0.tgz",
      "integrity": "sha1-GSA/tZmR35jjoocFDUZHzerzJJk="
    },
    "loose-envify": {
      "version": "1.4.0",
      "resolved": "http://registry.npm.taobao.org/loose-envify/download/loose-envify-1.4.0.tgz",
      "integrity": "sha1-ce5R+nvkyuwaY4OffmgtgTLTDK8=",
      "requires": {
        "js-tokens": "^3.0.0 || ^4.0.0"
      }
    },
    "node-fetch": {
      "version": "1.7.3",
      "resolved": "http://registry.npm.taobao.org/node-fetch/download/node-fetch-1.7.3.tgz",
      "integrity": "sha1-mA9vcthSEaU0fGsrwYxbhMPrR+8=",
      "requires": {
        "encoding": "^0.1.11",
        "is-stream": "^1.0.1"
      }
    },
    "object-assign": {
      "version": "4.1.1",
      "resolved": "http://registry.npm.taobao.org/object-assign/download/object-assign-4.1.1.tgz",
      "integrity": "sha1-IQmtx5ZYh8/AXLvUQsrIv7s2CGM="
    },
    "path-to-regexp": {
      "version": "1.7.0",
      "resolved": "http://registry.npm.taobao.org/path-to-regexp/download/path-to-regexp-1.7.0.tgz",
      "integrity": "sha1-Wf3g9DW62suhA6hOnTvGTpa5k30=",
      "requires": {
        "isarray": "0.0.1"
      }
    },
    "promise": {
      "version": "7.3.1",
      "resolved": "http://registry.npm.taobao.org/promise/download/promise-7.3.1.tgz",
      "integrity": "sha1-BktyYCsY+Q8pGSuLG8QY/9Hr078=",
      "requires": {
        "asap": "~2.0.3"
      }
    },
    "prop-types": {
      "version": "15.6.2",
      "resolved": "http://registry.npm.taobao.org/prop-types/download/prop-types-15.6.2.tgz",
      "integrity": "sha1-BdXKd7RFPphdYPx/+MhZCUpJcQI=",
      "requires": {
        "loose-envify": "^1.3.1",
        "object-assign": "^4.1.1"
      }
    },
    "query-string": {
      "version": "6.2.0",
      "resolved": "http://registry.npm.taobao.org/query-string/download/query-string-6.2.0.tgz",
      "integrity": "sha1-Ro7etUK34FOPn5sa6ybwNPGchuE=",
      "requires": {
        "decode-uri-component": "^0.2.0",
        "strict-uri-encode": "^2.0.0"
      }
    },
    "react-is": {
      "version": "16.7.0",
      "resolved": "http://registry.npm.taobao.org/react-is/download/react-is-16.7.0.tgz",
      "integrity": "sha1-wb0hxk8fE2TG9waV7ALWk5L0G/o="
    },
    "react-lifecycles-compat": {
      "version": "3.0.4",
      "resolved": "http://registry.npm.taobao.org/react-lifecycles-compat/download/react-lifecycles-compat-3.0.4.tgz",
      "integrity": "sha1-TxonOv38jzSIqMUWv9p4+HI1I2I="
    },
    "react-native-gesture-handler": {
      "version": "1.0.15",
      "resolved": "http://registry.npm.taobao.org/react-native-gesture-handler/download/react-native-gesture-handler-1.0.15.tgz",
      "integrity": "sha1-fg0KRXggo8kyWj1JLartFEAFCKY=",
      "requires": {
        "hoist-non-react-statics": "^2.3.1",
        "invariant": "^2.2.2",
        "prop-types": "^15.5.10"
      },
      "dependencies": {
        "hoist-non-react-statics": {
          "version": "2.5.5",
          "resolved": "http://registry.npm.taobao.org/hoist-non-react-statics/download/hoist-non-react-statics-2.5.5.tgz",
          "integrity": "sha1-xZA89AnA39kI84jmGdhrnBF0y0c="
        }
      }
    },
    "react-native-safe-area-view": {
      "version": "0.11.0",
      "resolved": "http://registry.npm.taobao.org/react-native-safe-area-view/download/react-native-safe-area-view-0.11.0.tgz",
      "integrity": "sha1-Tz3aQ8K6zjeWXnxq71/IPU8Z0XQ=",
      "requires": {
        "hoist-non-react-statics": "^2.3.1"
      },
      "dependencies": {
        "hoist-non-react-statics": {
          "version": "2.5.5",
          "resolved": "http://registry.npm.taobao.org/hoist-non-react-statics/download/hoist-non-react-statics-2.5.5.tgz",
          "integrity": "sha1-xZA89AnA39kI84jmGdhrnBF0y0c="
        }
      }
    },
    "react-native-screens": {
      "version": "1.0.0-alpha.22",
      "resolved": "http://registry.npm.taobao.org/react-native-screens/download/react-native-screens-1.0.0-alpha.22.tgz",
      "integrity": "sha1-ehIDd7Uqqbu5TQuFQaAUAmvpKJs="
    },
    "react-native-tab-view": {
      "version": "1.3.1",
      "resolved": "http://registry.npm.taobao.org/react-native-tab-view/download/react-native-tab-view-1.3.1.tgz",
      "integrity": "sha1-+ZMta9W6fa1175M1po8T2FulvVY=",
      "requires": {
        "prop-types": "^15.6.1"
      }
    },
    "react-navigation": {
      "version": "3.0.9",
      "resolved": "http://registry.npm.taobao.org/react-navigation/download/react-navigation-3.0.9.tgz",
      "integrity": "sha1-HIL47C+H4nKIFueftD17Ee0mVBU=",
      "requires": {
        "@react-navigation/core": "3.0.2",
        "@react-navigation/native": "3.0.3",
        "react-navigation-drawer": "1.0.5",
        "react-navigation-stack": "1.0.6",
        "react-navigation-tabs": "1.0.2"
      }
    },
    "react-navigation-drawer": {
      "version": "1.0.5",
      "resolved": "http://registry.npm.taobao.org/react-navigation-drawer/download/react-navigation-drawer-1.0.5.tgz",
      "integrity": "sha1-2MxxvRd5GGJh88N1SxHymqmL1PU=",
      "requires": {
        "react-native-tab-view": "^1.2.0"
      }
    },
    "react-navigation-stack": {
      "version": "1.0.6",
      "resolved": "http://registry.npm.taobao.org/react-navigation-stack/download/react-navigation-stack-1.0.6.tgz",
      "integrity": "sha1-XCtmF9zMHeYAGzh82We6prIFEy0="
    },
    "react-navigation-tabs": {
      "version": "1.0.2",
      "resolved": "http://registry.npm.taobao.org/react-navigation-tabs/download/react-navigation-tabs-1.0.2.tgz",
      "integrity": "sha1-zGxh2wxhBUOI729yao/8GD1glbU=",
      "requires": {
        "hoist-non-react-statics": "^2.5.0",
        "prop-types": "^15.6.1",
        "react-lifecycles-compat": "^3.0.4",
        "react-native-tab-view": "^1.0.0"
      },
      "dependencies": {
        "hoist-non-react-statics": {
          "version": "2.5.5",
          "resolved": "http://registry.npm.taobao.org/hoist-non-react-statics/download/hoist-non-react-statics-2.5.5.tgz",
          "integrity": "sha1-xZA89AnA39kI84jmGdhrnBF0y0c="
        }
      }
    },
    "react-redux": {
      "version": "6.0.0",
      "resolved": "http://registry.npm.taobao.org/react-redux/download/react-redux-6.0.0.tgz",
      "integrity": "sha1-Cehu7tX+u5jpRCRYrSlwyPGhc+8=",
      "requires": {
        "@babel/runtime": "^7.2.0",
        "hoist-non-react-statics": "^3.2.1",
        "invariant": "^2.2.4",
        "loose-envify": "^1.4.0",
        "prop-types": "^15.6.2",
        "react-is": "^16.6.3"
      }
    },
    "redux": {
      "version": "4.0.1",
      "resolved": "http://registry.npm.taobao.org/redux/download/redux-4.0.1.tgz",
      "integrity": "sha1-Q2yubMQPvkcnaJ18j65EgI8b/vU=",
      "requires": {
        "loose-envify": "^1.4.0",
        "symbol-observable": "^1.2.0"
      }
    },
    "regenerator-runtime": {
      "version": "0.12.1",
      "resolved": "http://registry.npm.taobao.org/regenerator-runtime/download/regenerator-runtime-0.12.1.tgz",
      "integrity": "sha1-+hpxVEdkwDb4xJsToIsllMn4oN4="
    },
    "safer-buffer": {
      "version": "2.1.2",
      "resolved": "http://registry.npm.taobao.org/safer-buffer/download/safer-buffer-2.1.2.tgz",
      "integrity": "sha1-RPoWGwGHuVSd2Eu5GAL5vYOFzWo="
    },
    "setimmediate": {
      "version": "1.0.5",
      "resolved": "http://registry.npm.taobao.org/setimmediate/download/setimmediate-1.0.5.tgz",
      "integrity": "sha1-KQy7Iy4waULX1+qbg3Mqt4VvgoU="
    },
    "strict-uri-encode": {
      "version": "2.0.0",
      "resolved": "http://registry.npm.taobao.org/strict-uri-encode/download/strict-uri-encode-2.0.0.tgz",
      "integrity": "sha1-ucczDHBChi9rFC3CdLvMWGbONUY="
    },
    "symbol-observable": {
      "version": "1.2.0",
      "resolved": "http://registry.npm.taobao.org/symbol-observable/download/symbol-observable-1.2.0.tgz",
      "integrity": "sha1-wiaIrtTqs83C3+rLtWFmBWCgCAQ="
    },
    "ua-parser-js": {
      "version": "0.7.19",
      "resolved": "http://registry.npm.taobao.org/ua-parser-js/download/ua-parser-js-0.7.19.tgz",
      "integrity": "sha1-lBUb5MCn+x0AGvcCL9rKRkJlnks="
    },
    "whatwg-fetch": {
      "version": "3.0.0",
      "resolved": "http://registry.npm.taobao.org/whatwg-fetch/download/whatwg-fetch-3.0.0.tgz",
      "integrity": "sha1-/IBORYzEYACbGiuWa8iBfSV4rvs="
    }
  }
}
